<Solution>
  <Folder Name="/src/">
    <File Path="../src/Directory.Build.props" />
    <Project Path="../src/Cirreum.SecretsProvider/Cirreum.SecretsProvider.csproj" />
  </Folder>
  <Folder Name="/tests/">
    <File Path="Directory.Build.props" />
    <Project Path="Cirreum.SecretsProvider.Tests/Cirreum.SecretsProvider.Tests.csproj" />
  </Folder>
</Solution>
